// !$*UTF8*$!
{
	archiveVersion = 1;
	classes = {
	};
	objectVersion = 77;
	objects = {

/* Begin PBXContainerItemProxy section */
		CE29CDD42D851318000E82F6 /* PBXContainerItemProxy */ = {
			isa = PBXContainerItemProxy;
			containerPortal = CE29CDBB2D851316000E82F6 /* Project object */;
			proxyType = 1;
			remoteGlobalIDString = CE29CDC22D851316000E82F6;
			remoteInfo = MeliApp;
		};
		CE29CDDE2D851318000E82F6 /* PBXContainerItemProxy */ = {
			isa = PBXContainerItemProxy;
			containerPortal = CE29CDBB2D851316000E82F6 /* Project object */;
			proxyType = 1;
			remoteGlobalIDString = CE29CDC22D851316000E82F6;
			remoteInfo = MeliApp;
		};
/* End PBXContainerItemProxy section */

/* Begin PBXFileReference section */
		CE29CDC32D851316000E82F6 /* MeliApp.app */ = {isa = PBXFileReference; explicitFileType = wrapper.application; includeInIndex = 0; path = MeliApp.app; sourceTree = BUILT_PRODUCTS_DIR; };
		CE29CDD32D851318000E82F6 /* MeliAppTests.xctest */ = {isa = PBXFileReference; explicitFileType = wrapper.cfbundle; includeInIndex = 0; path = MeliAppTests.xctest; sourceTree = BUILT_PRODUCTS_DIR; };
		CE29CDDD2D851318000E82F6 /* MeliAppUITests.xctest */ = {isa = PBXFileReference; explicitFileType = wrapper.cfbundle; includeInIndex = 0; path = MeliAppUITests.xctest; sourceTree = BUILT_PRODUCTS_DIR; };
/* End PBXFileReference section */

/* Begin PBXFileSystemSynchronizedBuildFileExceptionSet section */
		CE29CDF12D85189D000E82F6 /* Exceptions for "MeliApp" folder in "MeliApp" target */ = {
			isa = PBXFileSystemSynchronizedBuildFileExceptionSet;
			membershipExceptions = (
				Info.plist,
			);
			target = CE29CDC22D851316000E82F6 /* MeliApp */;
		};
		CEA221A92D861BB0007BCA36 /* Exceptions for "MeliApp" folder in "MeliAppTests" target */ = {
			isa = PBXFileSystemSynchronizedBuildFileExceptionSet;
			membershipExceptions = (
				"/Localized: Strings/English/Localizable.strings",
				"/Localized: Strings/Spanish/Localizable.strings",
				Components/MercadoLibreProgressView.swift,
				Helper/Localized.swift,
				Interactors/SearchInteractor.swift,
				MeliAppApp.swift,
				Models/Product.swift,
				Models/SearchResponse.swift,
				Resources/Assets.xcassets,
				Resources/Color.swift,
				Resources/Font.swift,
				ViewModels/SearchViewModel.swift,
				Views/ContentView.swift,
				Views/ProductDetailView.swift,
				Views/ProductRow.swift,
				Views/SearchBar.swift,
			);
			target = CE29CDD22D851318000E82F6 /* MeliAppTests */;
		};
		CEA221AA2D861BB0007BCA36 /* Exceptions for "MeliApp" folder in "MeliAppUITests" target */ = {
			isa = PBXFileSystemSynchronizedBuildFileExceptionSet;
			membershipExceptions = (
				"/Localized: Strings/English/Localizable.strings",
				"/Localized: Strings/Spanish/Localizable.strings",
				Components/MercadoLibreProgressView.swift,
				Helper/Localized.swift,
				Interactors/SearchInteractor.swift,
				MeliAppApp.swift,
				Models/Product.swift,
				Models/SearchResponse.swift,
				Resources/Assets.xcassets,
				Resources/Color.swift,
				Resources/Font.swift,
				ViewModels/SearchViewModel.swift,
				Views/ContentView.swift,
				Views/ProductDetailView.swift,
				Views/ProductRow.swift,
				Views/SearchBar.swift,
			);
			target = CE29CDDC2D851318000E82F6 /* MeliAppUITests */;
		};
/* End PBXFileSystemSynchronizedBuildFileExceptionSet section */

/* Begin PBXFileSystemSynchronizedRootGroup section */
		CE29CDC52D851316000E82F6 /* MeliApp */ = {
			isa = PBXFileSystemSynchronizedRootGroup;
			exceptions = (
				CE29CDF12D85189D000E82F6 /* Exceptions for "MeliApp" folder in "MeliApp" target */,
				CEA221A92D861BB0007BCA36 /* Exceptions for "MeliApp" folder in "MeliAppTests" target */,
				CEA221AA2D861BB0007BCA36 /* Exceptions for "MeliApp" folder in "MeliAppUITests" target */,
			);
			path = MeliApp;
			sourceTree = "<group>";
		};
		CE29CDD62D851318000E82F6 /* MeliAppTests */ = {
			isa = PBXFileSystemSynchronizedRootGroup;
			path = MeliAppTests;
			sourceTree = "<group>";
		};
		CE29CDE02D851318000E82F6 /* MeliAppUITests */ = {
			isa = PBXFileSystemSynchronizedRootGroup;
			path = MeliAppUITests;
			sourceTree = "<group>";
		};
/* End PBXFileSystemSynchronizedRootGroup section */

/* Begin PBXFrameworksBuildPhase section */
		CE29CDC02D851316000E82F6 /* Frameworks */ = {
			isa = PBXFrameworksBuildPhase;
			buildActionMask = 2147483647;
			files = (
			);
			runOnlyForDeploymentPostprocessing = 0;
		};
		CE29CDD02D851318000E82F6 /* Frameworks */ = {
			isa = PBXFrameworksBuildPhase;
			buildActionMask = 2147483647;
			files = (
			);
			runOnlyForDeploymentPostprocessing = 0;
		};
		CE29CDDA2D851318000E82F6 /* Frameworks */ = {
			isa = PBXFrameworksBuildPhase;
			buildActionMask = 2147483647;
			files = (
			);
			runOnlyForDeploymentPostprocessing = 0;
		};
/* End PBXFrameworksBuildPhase section */

/* Begin PBXGroup section */
		CE29CDBA2D851316000E82F6 = {
			isa = PBXGroup;
			children = (
				CE29CDC52D851316000E82F6 /* MeliApp */,
				CE29CDD62D851318000E82F6 /* MeliAppTests */,
				CE29CDE02D851318000E82F6 /* MeliAppUITests */,
				CE29CDC42D851316000E82F6 /* Products */,
			);
			sourceTree = "<group>";
		};
		CE29CDC42D851316000E82F6 /* Products */ = {
			isa = PBXGroup;
			children = (
				CE29CDC32D851316000E82F6 /* MeliApp.app */,
				CE29CDD32D851318000E82F6 /* MeliAppTests.xctest */,
				CE29CDDD2D851318000E82F6 /* MeliAppUITests.xctest */,
			);
			name = Products;
			sourceTree = "<group>";
		};
/* End PBXGroup section */

/* Begin PBXNativeTarget section */
		CE29CDC22D851316000E82F6 /* MeliApp */ = {
			isa = PBXNativeTarget;
			buildConfigurationList = CE29CDE72D851318000E82F6 /* Build configuration list for PBXNativeTarget "MeliApp" */;
			buildPhases = (
				CE29CDBF2D851316000E82F6 /* Sources */,
				CE29CDC02D851316000E82F6 /* Frameworks */,
				CE29CDC12D851316000E82F6 /* Resources */,
			);
			buildRules = (
			);
			dependencies = (
			);
			fileSystemSynchronizedGroups = (
				CE29CDC52D851316000E82F6 /* MeliApp */,
			);
			name = MeliApp;
			packageProductDependencies = (
			);
			productName = MeliApp;
			productReference = CE29CDC32D851316000E82F6 /* MeliApp.app */;
			productType = "com.apple.product-type.application";
		};
		CE29CDD22D851318000E82F6 /* MeliAppTests */ = {
			isa = PBXNativeTarget;
			buildConfigurationList = CE29CDEA2D851318000E82F6 /* Build configuration list for PBXNativeTarget "MeliAppTests" */;
			buildPhases = (
				CE29CDCF2D851318000E82F6 /* Sources */,
				CE29CDD02D851318000E82F6 /* Frameworks */,
				CE29CDD12D851318000E82F6 /* Resources */,
			);
			buildRules = (
			);
			dependencies = (
				CE29CDD52D851318000E82F6 /* PBXTargetDependency */,
			);
			fileSystemSynchronizedGroups = (
				CE29CDD62D851318000E82F6 /* MeliAppTests */,
			);
			name = MeliAppTests;
			packageProductDependencies = (
			);
			productName = MeliAppTests;
			productReference = CE29CDD32D851318000E82F6 /* MeliAppTests.xctest */;
			productType = "com.apple.product-type.bundle.unit-test";
		};
		CE29CDDC2D851318000E82F6 /* MeliAppUITests */ = {
			isa = PBXNativeTarget;
			buildConfigurationList = CE29CDED2D851318000E82F6 /* Build configuration list for PBXNativeTarget "MeliAppUITests" */;
			buildPhases = (
				CE29CDD92D851318000E82F6 /* Sources */,
				CE29CDDA2D851318000E82F6 /* Frameworks */,
				CE29CDDB2D851318000E82F6 /* Resources */,
			);
			buildRules = (
			);
			dependencies = (
				CE29CDDF2D851318000E82F6 /* PBXTargetDependency */,
			);
			fileSystemSynchronizedGroups = (
				CE29CDE02D851318000E82F6 /* MeliAppUITests */,
			);
			name = MeliAppUITests;
			packageProductDependencies = (
			);
			productName = MeliAppUITests;
			productReference = CE29CDDD2D851318000E82F6 /* MeliAppUITests.xctest */;
			productType = "com.apple.product-type.bundle.ui-testing";
		};
/* End PBXNativeTarget section */

/* Begin PBXProject section */
		CE29CDBB2D851316000E82F6 /* Project object */ = {
			isa = PBXProject;
			attributes = {
				BuildIndependentTargetsInParallel = 1;
				LastSwiftUpdateCheck = 1620;
				LastUpgradeCheck = 1620;
				TargetAttributes = {
					CE29CDC22D851316000E82F6 = {
						CreatedOnToolsVersion = 16.2;
					};
					CE29CDD22D851318000E82F6 = {
						CreatedOnToolsVersion = 16.2;
						TestTargetID = CE29CDC22D851316000E82F6;
					};
					CE29CDDC2D851318000E82F6 = {
						CreatedOnToolsVersion = 16.2;
						TestTargetID = CE29CDC22D851316000E82F6;
					};
				};
			};
			buildConfigurationList = CE29CDBE2D851316000E82F6 /* Build configuration list for PBXProject "MeliApp" */;
			developmentRegion = en;
			hasScannedForEncodings = 0;
			knownRegions = (
				en,
				Base,
				es,
			);
			mainGroup = CE29CDBA2D851316000E82F6;
			minimizedProjectReferenceProxies = 1;
			preferredProjectObjectVersion = 77;
			productRefGroup = CE29CDC42D851316000E82F6 /* Products */;
			projectDirPath = "";
			projectRoot = "";
			targets = (
				CE29CDC22D851316000E82F6 /* MeliApp */,
				CE29CDD22D851318000E82F6 /* MeliAppTests */,
				CE29CDDC2D851318000E82F6 /* MeliAppUITests */,
			);
		};
/* End PBXProject section */

/* Begin PBXResourcesBuildPhase section */
		CE29CDC12D851316000E82F6 /* Resources */ = {
			isa = PBXResourcesBuildPhase;
			buildActionMask = 2147483647;
			files = (
			);
			runOnlyForDeploymentPostprocessing = 0;
		};
		CE29CDD12D851318000E82F6 /* Resources */ = {
			isa = PBXResourcesBuildPhase;
			buildActionMask = 2147483647;
			files = (
			);
			runOnlyForDeploymentPostprocessing = 0;
		};
		CE29CDDB2D851318000E82F6 /* Resources */ = {
			isa = PBXResourcesBuildPhase;
			buildActionMask = 2147483647;
			files = (
			);
			runOnlyForDeploymentPostprocessing = 0;
		};
/* End PBXResourcesBuildPhase section */

/* Begin PBXSourcesBuildPhase section */
		CE29CDBF2D851316000E82F6 /* Sources */ = {
			isa = PBXSourcesBuildPhase;
			buildActionMask = 2147483647;
			files = (
			);
			runOnlyForDeploymentPostprocessing = 0;
		};
		CE29CDCF2D851318000E82F6 /* Sources */ = {
			isa = PBXSourcesBuildPhase;
			buildActionMask = 2147483647;
			files = (
			);
			runOnlyForDeploymentPostprocessing = 0;
		};
		CE29CDD92D851318000E82F6 /* Sources */ = {
			isa = PBXSourcesBuildPhase;
			buildActionMask = 2147483647;
			files = (
			);
			runOnlyForDeploymentPostprocessing = 0;
		};
/* End PBXSourcesBuildPhase section */

/* Begin PBXTargetDependency section */
		CE29CDD52D851318000E82F6 /* PBXTargetDependency */ = {
			isa = PBXTargetDependency;
			target = CE29CDC22D851316000E82F6 /* MeliApp */;
			targetProxy = CE29CDD42D851318000E82F6 /* PBXContainerItemProxy */;
		};
		CE29CDDF2D851318000E82F6 /* PBXTargetDependency */ = {
			isa = PBXTargetDependency;
			target = CE29CDC22D851316000E82F6 /* MeliApp */;
			targetProxy = CE29CDDE2D851318000E82F6 /* PBXContainerItemProxy */;
		};
/* End PBXTargetDependency section */

/* Begin XCBuildConfiguration section */
		CE29CDE52D851318000E82F6 /* Debug */ = {
			isa = XCBuildConfiguration;
			buildSettings = {
				ALWAYS_SEARCH_USER_PATHS = NO;
				ASSETCATALOG_COMPILER_GENERATE_SWIFT_ASSET_SYMBOL_EXTENSIONS = YES;
				CLANG_ANALYZER_LOCALIZABILITY_NONLOCALIZED = YES;
				CLANG_ANALYZER_NONNULL = YES;
				CLANG_ANALYZER_NUMBER_OBJECT_CONVERSION = YES_AGGRESSIVE;
				CLANG_CXX_LANGUAGE_STANDARD = "gnu++20";
				CLANG_ENABLE_MODULES = YES;
				CLANG_ENABLE_OBJC_ARC = YES;
				CLANG_ENABLE_OBJC_WEAK = YES;
				CLANG_WARN_BLOCK_CAPTURE_AUTORELEASING = YES;
				CLANG_WARN_BOOL_CONVERSION = YES;
				CLANG_WARN_COMMA = YES;
				CLANG_WARN_CONSTANT_CONVERSION = YES;
				CLANG_WARN_DEPRECATED_OBJC_IMPLEMENTATIONS = YES;
				CLANG_WARN_DIRECT_OBJC_ISA_USAGE = YES_ERROR;
				CLANG_WARN_DOCUMENTATION_COMMENTS = YES;
				CLANG_WARN_EMPTY_BODY = YES;
				CLANG_WARN_ENUM_CONVERSION = YES;
				CLANG_WARN_INFINITE_RECURSION = YES;
				CLANG_WARN_INT_CONVERSION = YES;
				CLANG_WARN_NON_LITERAL_NULL_CONVERSION = YES;
				CLANG_WARN_OBJC_IMPLICIT_RETAIN_SELF = YES;
				CLANG_WARN_OBJC_LITERAL_CONVERSION = YES;
				CLANG_WARN_OBJC_ROOT_CLASS = YES_ERROR;
				CLANG_WARN_QUOTED_INCLUDE_IN_FRAMEWORK_HEADER = YES;
				CLANG_WARN_RANGE_LOOP_ANALYSIS = YES;
				CLANG_WARN_STRICT_PROTOTYPES = YES;
				CLANG_WARN_SUSPICIOUS_MOVE = YES;
				CLANG_WARN_UNGUARDED_AVAILABILITY = YES_AGGRESSIVE;
				CLANG_WARN_UNREACHABLE_CODE = YES;
				CLANG_WARN__DUPLICATE_METHOD_MATCH = YES;
				COPY_PHASE_STRIP = NO;
				DEBUG_INFORMATION_FORMAT = dwarf;
				ENABLE_STRICT_OBJC_MSGSEND = YES;
				ENABLE_TESTABILITY = YES;
				ENABLE_USER_SCRIPT_SANDBOXING = YES;
				GCC_C_LANGUAGE_STANDARD = gnu17;
				GCC_DYNAMIC_NO_PIC = NO;
				GCC_NO_COMMON_BLOCKS = YES;
				GCC_OPTIMIZATION_LEVEL = 0;
				GCC_PREPROCESSOR_DEFINITIONS = (
					"DEBUG=1",
					"$(inherited)",
				);
				GCC_WARN_64_TO_32_BIT_CONVERSION = YES;
				GCC_WARN_ABOUT_RETURN_TYPE = YES_ERROR;
				GCC_WARN_UNDECLARED_SELECTOR = YES;
				GCC_WARN_UNINITIALIZED_AUTOS = YES_AGGRESSIVE;
				GCC_WARN_UNUSED_FUNCTION = YES;
				GCC_WARN_UNUSED_VARIABLE = YES;
				IPHONEOS_DEPLOYMENT_TARGET = 18.2;
				LOCALIZATION_PREFERS_STRING_CATALOGS = YES;
				MTL_ENABLE_DEBUG_INFO = INCLUDE_SOURCE;
				MTL_FAST_MATH = YES;
				ONLY_ACTIVE_ARCH = YES;
				SDKROOT = iphoneos;
				SWIFT_ACTIVE_COMPILATION_CONDITIONS = "DEBUG $(inherited)";
				SWIFT_OPTIMIZATION_LEVEL = "-Onone";
			};
			name = Debug;
		};
		CE29CDE62D851318000E82F6 /* Release */ = {
			isa = XCBuildConfiguration;
			buildSettings = {
				ALWAYS_SEARCH_USER_PATHS = NO;
				ASSETCATALOG_COMPILER_GENERATE_SWIFT_ASSET_SYMBOL_EXTENSIONS = YES;
				CLANG_ANALYZER_LOCALIZABILITY_NONLOCALIZED = YES;
				CLANG_ANALYZER_NONNULL = YES;
				CLANG_ANALYZER_NUMBER_OBJECT_CONVERSION = YES_AGGRESSIVE;
				CLANG_CXX_LANGUAGE_STANDARD = "gnu++20";
				CLANG_ENABLE_MODULES = YES;
				CLANG_ENABLE_OBJC_ARC = YES;
				CLANG_ENABLE_OBJC_WEAK = YES;
				CLANG_WARN_BLOCK_CAPTURE_AUTORELEASING = YES;
				CLANG_WARN_BOOL_CONVERSION = YES;
				CLANG_WARN_COMMA = YES;
				CLANG_WARN_CONSTANT_CONVERSION = YES;
				CLANG_WARN_DEPRECATED_OBJC_IMPLEMENTATIONS = YES;
				CLANG_WARN_DIRECT_OBJC_ISA_USAGE = YES_ERROR;
				CLANG_WARN_DOCUMENTATION_COMMENTS = YES;
				CLANG_WARN_EMPTY_BODY = YES;
				CLANG_WARN_ENUM_CONVERSION = YES;
				CLANG_WARN_INFINITE_RECURSION = YES;
				CLANG_WARN_INT_CONVERSION = YES;
				CLANG_WARN_NON_LITERAL_NULL_CONVERSION = YES;
				CLANG_WARN_OBJC_IMPLICIT_RETAIN_SELF = YES;
				CLANG_WARN_OBJC_LITERAL_CONVERSION = YES;
				CLANG_WARN_OBJC_ROOT_CLASS = YES_ERROR;
				CLANG_WARN_QUOTED_INCLUDE_IN_FRAMEWORK_HEADER = YES;
				CLANG_WARN_RANGE_LOOP_ANALYSIS = YES;
				CLANG_WARN_STRICT_PROTOTYPES = YES;
				CLANG_WARN_SUSPICIOUS_MOVE = YES;
				CLANG_WARN_UNGUARDED_AVAILABILITY = YES_AGGRESSIVE;
				CLANG_WARN_UNREACHABLE_CODE = YES;
				CLANG_WARN__DUPLICATE_METHOD_MATCH = YES;
				COPY_PHASE_STRIP = NO;
				DEBUG_INFORMATION_FORMAT = "dwarf-with-dsym";
				ENABLE_NS_ASSERTIONS = NO;
				ENABLE_STRICT_OBJC_MSGSEND = YES;
				ENABLE_USER_SCRIPT_SANDBOXING = YES;
				GCC_C_LANGUAGE_STANDARD = gnu17;
				GCC_NO_COMMON_BLOCKS = YES;
				GCC_WARN_64_TO_32_BIT_CONVERSION = YES;
				GCC_WARN_ABOUT_RETURN_TYPE = YES_ERROR;
				GCC_WARN_UNDECLARED_SELECTOR = YES;
				GCC_WARN_UNINITIALIZED_AUTOS = YES_AGGRESSIVE;
				GCC_WARN_UNUSED_FUNCTION = YES;
				GCC_WARN_UNUSED_VARIABLE = YES;
				IPHONEOS_DEPLOYMENT_TARGET = 18.2;
				LOCALIZATION_PREFERS_STRING_CATALOGS = YES;
				MTL_ENABLE_DEBUG_INFO = NO;
				MTL_FAST_MATH = YES;
				SDKROOT = iphoneos;
				SWIFT_COMPILATION_MODE = wholemodule;
				VALIDATE_PRODUCT = YES;
			};
			name = Release;
		};
		CE29CDE82D851318000E82F6 /* Debug */ = {
			isa = XCBuildConfiguration;
			buildSettings = {
				ASSETCATALOG_COMPILER_APPICON_NAME = AppIcon;
				ASSETCATALOG_COMPILER_GLOBAL_ACCENT_COLOR_NAME = AccentColor;
				CODE_SIGN_STYLE = Automatic;
				CURRENT_PROJECT_VERSION = 1;
				DEVELOPMENT_ASSET_PATHS = "\"MeliApp/Preview Content\"";
				DEVELOPMENT_TEAM = KMTBGM5VLD;
				ENABLE_PREVIEWS = YES;
				GENERATE_INFOPLIST_FILE = YES;
				INFOPLIST_FILE = MeliApp/Info.plist;
				INFOPLIST_KEY_UIApplicationSceneManifest_Generation = YES;
				INFOPLIST_KEY_UIApplicationSupportsIndirectInputEvents = YES;
				INFOPLIST_KEY_UILaunchScreen_Generation = YES;
				INFOPLIST_KEY_UISupportedInterfaceOrientations_iPad = "UIInterfaceOrientationPortrait UIInterfaceOrientationPortraitUpsideDown UIInterfaceOrientationLandscapeLeft UIInterfaceOrientationLandscapeRight";
				INFOPLIST_KEY_UISupportedInterfaceOrientations_iPhone = "UIInterfaceOrientationPortrait UIInterfaceOrientationLandscapeLeft UIInterfaceOrientationLandscapeRight";
				LD_RUNPATH_SEARCH_PATHS = (
					"$(inherited)",
					"@executable_path/Frameworks",
				);
				MARKETING_VERSION = 1.0;
				PRODUCT_BUNDLE_IDENTIFIER = "com.example.apple-meliTestApp.MeliApp";
				PRODUCT_NAME = "$(TARGET_NAME)";
				SWIFT_EMIT_LOC_STRINGS = YES;
				SWIFT_VERSION = 5.0;
				TARGETED_DEVICE_FAMILY = "1,2";
			};
			name = Debug;
		};
		CE29CDE92D851318000E82F6 /* Release */ = {
			isa = XCBuildConfiguration;
			buildSettings = {
				ASSETCATALOG_COMPILER_APPICON_NAME = AppIcon;
				ASSETCATALOG_COMPILER_GLOBAL_ACCENT_COLOR_NAME = AccentColor;
				CODE_SIGN_STYLE = Automatic;
				CURRENT_PROJECT_VERSION = 1;
				DEVELOPMENT_ASSET_PATHS = "\"MeliApp/Preview Content\"";
				DEVELOPMENT_TEAM = KMTBGM5VLD;
				ENABLE_PREVIEWS = YES;
				GENERATE_INFOPLIST_FILE = YES;
				INFOPLIST_FILE = MeliApp/Info.plist;
				INFOPLIST_KEY_UIApplicationSceneManifest_Generation = YES;
				INFOPLIST_KEY_UIApplicationSupportsIndirectInputEvents = YES;
				INFOPLIST_KEY_UILaunchScreen_Generation = YES;
				INFOPLIST_KEY_UISupportedInterfaceOrientations_iPad = "UIInterfaceOrientationPortrait UIInterfaceOrientationPortraitUpsideDown UIInterfaceOrientationLandscapeLeft UIInterfaceOrientationLandscapeRight";
				INFOPLIST_KEY_UISupportedInterfaceOrientations_iPhone = "UIInterfaceOrientationPortrait UIInterfaceOrientationLandscapeLeft UIInterfaceOrientationLandscapeRight";
				LD_RUNPATH_SEARCH_PATHS = (
					"$(inherited)",
					"@executable_path/Frameworks",
				);
				MARKETING_VERSION = 1.0;
				PRODUCT_BUNDLE_IDENTIFIER = "com.example.apple-meliTestApp.MeliApp";
				PRODUCT_NAME = "$(TARGET_NAME)";
				SWIFT_EMIT_LOC_STRINGS = YES;
				SWIFT_VERSION = 5.0;
				TARGETED_DEVICE_FAMILY = "1,2";
			};
			name = Release;
		};
		CE29CDEB2D851318000E82F6 /* Debug */ = {
			isa = XCBuildConfiguration;
			buildSettings = {
				BUNDLE_LOADER = "$(TEST_HOST)";
				CODE_SIGN_STYLE = Automatic;
				CURRENT_PROJECT_VERSION = 1;
				DEVELOPMENT_TEAM = KMTBGM5VLD;
				GENERATE_INFOPLIST_FILE = YES;
				IPHONEOS_DEPLOYMENT_TARGET = 18.2;
				MARKETING_VERSION = 1.0;
				PRODUCT_BUNDLE_IDENTIFIER = "com.example.apple-meliTestApp.MeliAppTests";
				PRODUCT_NAME = "$(TARGET_NAME)";
				SWIFT_EMIT_LOC_STRINGS = NO;
				SWIFT_VERSION = 5.0;
				TARGETED_DEVICE_FAMILY = "1,2";
				TEST_HOST = "$(BUILT_PRODUCTS_DIR)/MeliApp.app/$(BUNDLE_EXECUTABLE_FOLDER_PATH)/MeliApp";
			};
			name = Debug;
		};
		CE29CDEC2D851318000E82F6 /* Release */ = {
			isa = XCBuildConfiguration;
			buildSettings = {
				BUNDLE_LOADER = "$(TEST_HOST)";
				CODE_SIGN_STYLE = Automatic;
				CURRENT_PROJECT_VERSION = 1;
				DEVELOPMENT_TEAM = KMTBGM5VLD;
				GENERATE_INFOPLIST_FILE = YES;
				IPHONEOS_DEPLOYMENT_TARGET = 18.2;
				MARKETING_VERSION = 1.0;
				PRODUCT_BUNDLE_IDENTIFIER = "com.example.apple-meliTestApp.MeliAppTests";
				PRODUCT_NAME = "$(TARGET_NAME)";
				SWIFT_EMIT_LOC_STRINGS = NO;
				SWIFT_VERSION = 5.0;
				TARGETED_DEVICE_FAMILY = "1,2";
				TEST_HOST = "$(BUILT_PRODUCTS_DIR)/MeliApp.app/$(BUNDLE_EXECUTABLE_FOLDER_PATH)/MeliApp";
			};
			name = Release;
		};
		CE29CDEE2D851318000E82F6 /* Debug */ = {
			isa = XCBuildConfiguration;
			buildSettings = {
				CODE_SIGN_STYLE = Automatic;
				CURRENT_PROJECT_VERSION = 1;
				DEVELOPMENT_TEAM = KMTBGM5VLD;
				GENERATE_INFOPLIST_FILE = YES;
				MARKETING_VERSION = 1.0;
				PRODUCT_BUNDLE_IDENTIFIER = "com.example.apple-meliTestApp.MeliAppUITests";
				PRODUCT_NAME = "$(TARGET_NAME)";
				SWIFT_EMIT_LOC_STRINGS = NO;
				SWIFT_VERSION = 5.0;
				TARGETED_DEVICE_FAMILY = "1,2";
				TEST_TARGET_NAME = MeliApp;
			};
			name = Debug;
		};
		CE29CDEF2D851318000E82F6 /* Release */ = {
			isa = XCBuildConfiguration;
			buildSettings = {
				CODE_SIGN_STYLE = Automatic;
				CURRENT_PROJECT_VERSION = 1;
				DEVELOPMENT_TEAM = KMTBGM5VLD;
				GENERATE_INFOPLIST_FILE = YES;
				MARKETING_VERSION = 1.0;
				PRODUCT_BUNDLE_IDENTIFIER = "com.example.apple-meliTestApp.MeliAppUITests";
				PRODUCT_NAME = "$(TARGET_NAME)";
				SWIFT_EMIT_LOC_STRINGS = NO;
				SWIFT_VERSION = 5.0;
				TARGETED_DEVICE_FAMILY = "1,2";
				TEST_TARGET_NAME = MeliApp;
			};
			name = Release;
		};
/* End XCBuildConfiguration section */

/* Begin XCConfigurationList section */
		CE29CDBE2D851316000E82F6 /* Build configuration list for PBXProject "MeliApp" */ = {
			isa = XCConfigurationList;
			buildConfigurations = (
				CE29CDE52D851318000E82F6 /* Debug */,
				CE29CDE62D851318000E82F6 /* Release */,
			);
			defaultConfigurationIsVisible = 0;
			defaultConfigurationName = Release;
		};
		CE29CDE72D851318000E82F6 /* Build configuration list for PBXNativeTarget "MeliApp" */ = {
			isa = XCConfigurationList;
			buildConfigurations = (
				CE29CDE82D851318000E82F6 /* Debug */,
				CE29CDE92D851318000E82F6 /* Release */,
			);
			defaultConfigurationIsVisible = 0;
			defaultConfigurationName = Release;
		};
		CE29CDEA2D851318000E82F6 /* Build configuration list for PBXNativeTarget "MeliAppTests" */ = {
			isa = XCConfigurationList;
			buildConfigurations = (
				CE29CDEB2D851318000E82F6 /* Debug */,
				CE29CDEC2D851318000E82F6 /* Release */,
			);
			defaultConfigurationIsVisible = 0;
			defaultConfigurationName = Release;
		};
		CE29CDED2D851318000E82F6 /* Build configuration list for PBXNativeTarget "MeliAppUITests" */ = {
			isa = XCConfigurationList;
			buildConfigurations = (
				CE29CDEE2D851318000E82F6 /* Debug */,
				CE29CDEF2D851318000E82F6 /* Release */,
			);
			defaultConfigurationIsVisible = 0;
			defaultConfigurationName = Release;
		};
/* End XCConfigurationList section */
	};
	rootObject = CE29CDBB2D851316000E82F6 /* Project object */;
}
